
Microsoft Visual Studio Solution File, Format Version 12.00
# Visual Studio 2017
Project("{FAE04EC0-301F-11D3-BF4B-00C04F79EFBC}") = "carmove06142018v23", "carmove06142018v23.csproj", "{A12245F3-8554-9A20-A13F-DEB23531D5F5}"
EndProject
Project("{FAE04EC0-301F-11D3-BF4B-00C04F79EFBC}") = "carmove06142018v23.Plugins", "carmove06142018v23.Plugins.csproj", "{1808CEEC-9E78-C7F3-F737-45206A85CB99}"
EndProject
Project("{FAE04EC0-301F-11D3-BF4B-00C04F79EFBC}") = "carmove06142018v23.Editor.Plugins", "carmove06142018v23.Editor.Plugins.csproj", "{0FBC737B-04B2-6702-4660-5CC83A4CFDD0}"
EndProject
Global
	GlobalSection(SolutionConfigurationPlatforms) = preSolution
		Debug|Any CPU = Debug|Any CPU
		Release|Any CPU = Release|Any CPU
	EndGlobalSection
	GlobalSection(ProjectConfigurationPlatforms) = postSolution
		{A12245F3-8554-9A20-A13F-DEB23531D5F5}.Debug|Any CPU.ActiveCfg = Debug|Any CPU
		{A12245F3-8554-9A20-A13F-DEB23531D5F5}.Debug|Any CPU.Build.0 = Debug|Any CPU
		{A12245F3-8554-9A20-A13F-DEB23531D5F5}.Release|Any CPU.ActiveCfg = Release|Any CPU
		{A12245F3-8554-9A20-A13F-DEB23531D5F5}.Release|Any CPU.Build.0 = Release|Any CPU
		{1808CEEC-9E78-C7F3-F737-45206A85CB99}.Debug|Any CPU.ActiveCfg = Debug|Any CPU
		{1808CEEC-9E78-C7F3-F737-45206A85CB99}.Debug|Any CPU.Build.0 = Debug|Any CPU
		{1808CEEC-9E78-C7F3-F737-45206A85CB99}.Release|Any CPU.ActiveCfg = Release|Any CPU
		{1808CEEC-9E78-C7F3-F737-45206A85CB99}.Release|Any CPU.Build.0 = Release|Any CPU
		{0FBC737B-04B2-6702-4660-5CC83A4CFDD0}.Debug|Any CPU.ActiveCfg = Debug|Any CPU
		{0FBC737B-04B2-6702-4660-5CC83A4CFDD0}.Debug|Any CPU.Build.0 = Debug|Any CPU
		{0FBC737B-04B2-6702-4660-5CC83A4CFDD0}.Release|Any CPU.ActiveCfg = Release|Any CPU
		{0FBC737B-04B2-6702-4660-5CC83A4CFDD0}.Release|Any CPU.Build.0 = Release|Any CPU
	EndGlobalSection
	GlobalSection(SolutionProperties) = preSolution
		HideSolutionNode = FALSE
	EndGlobalSection
EndGlobal
