
Microsoft Visual Studio Solution File, Format Version 11.00
# Visual Studio 2010
Project("{FAE04EC0-301F-11D3-BF4B-00C04F79EFBC}") = "carmove07132018v24", "Assembly-CSharp.csproj", "{0047C0B4-012C-1F85-DC91-22FDA228C050}"
EndProject
Project("{FAE04EC0-301F-11D3-BF4B-00C04F79EFBC}") = "carmove07132018v24", "Assembly-CSharp-firstpass.csproj", "{6BBD5443-028D-E1DF-32C1-E3D454457559}"
EndProject
Project("{FAE04EC0-301F-11D3-BF4B-00C04F79EFBC}") = "carmove07132018v24", "Assembly-CSharp-Editor-firstpass.csproj", "{73DC8AF4-BCE2-787B-D381-A9A076EBECA4}"
EndProject
Global
	GlobalSection(SolutionConfigurationPlatforms) = preSolution
		Debug|Any CPU = Debug|Any CPU
		Release|Any CPU = Release|Any CPU
	EndGlobalSection
	GlobalSection(ProjectConfigurationPlatforms) = postSolution
		{0047C0B4-012C-1F85-DC91-22FDA228C050}.Debug|Any CPU.ActiveCfg = Debug|Any CPU
		{0047C0B4-012C-1F85-DC91-22FDA228C050}.Debug|Any CPU.Build.0 = Debug|Any CPU
		{0047C0B4-012C-1F85-DC91-22FDA228C050}.Release|Any CPU.ActiveCfg = Release|Any CPU
		{0047C0B4-012C-1F85-DC91-22FDA228C050}.Release|Any CPU.Build.0 = Release|Any CPU
		{6BBD5443-028D-E1DF-32C1-E3D454457559}.Debug|Any CPU.ActiveCfg = Debug|Any CPU
		{6BBD5443-028D-E1DF-32C1-E3D454457559}.Debug|Any CPU.Build.0 = Debug|Any CPU
		{6BBD5443-028D-E1DF-32C1-E3D454457559}.Release|Any CPU.ActiveCfg = Release|Any CPU
		{6BBD5443-028D-E1DF-32C1-E3D454457559}.Release|Any CPU.Build.0 = Release|Any CPU
		{73DC8AF4-BCE2-787B-D381-A9A076EBECA4}.Debug|Any CPU.ActiveCfg = Debug|Any CPU
		{73DC8AF4-BCE2-787B-D381-A9A076EBECA4}.Debug|Any CPU.Build.0 = Debug|Any CPU
		{73DC8AF4-BCE2-787B-D381-A9A076EBECA4}.Release|Any CPU.ActiveCfg = Release|Any CPU
		{73DC8AF4-BCE2-787B-D381-A9A076EBECA4}.Release|Any CPU.Build.0 = Release|Any CPU
	EndGlobalSection
	GlobalSection(SolutionProperties) = preSolution
		HideSolutionNode = FALSE
	EndGlobalSection
	GlobalSection(MonoDevelopProperties) = preSolution
		StartupItem = Assembly-CSharp.csproj
	EndGlobalSection
EndGlobal
