
Microsoft Visual Studio Solution File, Format Version 11.00
# Visual Studio 2010
Project("{FAE04EC0-301F-11D3-BF4B-00C04F79EFBC}") = "MindControlledCar", "Assembly-CSharp.csproj", "{FBF445A4-0C80-E8C8-FB91-70E715350514}"
EndProject
Project("{FAE04EC0-301F-11D3-BF4B-00C04F79EFBC}") = "MindControlledCar", "Assembly-CSharp-firstpass.csproj", "{CCA6C1E3-B5B1-F881-9F87-256961381994}"
EndProject
Project("{FAE04EC0-301F-11D3-BF4B-00C04F79EFBC}") = "MindControlledCar", "Assembly-CSharp-Editor-firstpass.csproj", "{CCB8DAF2-6445-65B0-22FA-B02007FA0223}"
EndProject
Global
	GlobalSection(SolutionConfigurationPlatforms) = preSolution
		Debug|Any CPU = Debug|Any CPU
		Release|Any CPU = Release|Any CPU
	EndGlobalSection
	GlobalSection(ProjectConfigurationPlatforms) = postSolution
		{FBF445A4-0C80-E8C8-FB91-70E715350514}.Debug|Any CPU.ActiveCfg = Debug|Any CPU
		{FBF445A4-0C80-E8C8-FB91-70E715350514}.Debug|Any CPU.Build.0 = Debug|Any CPU
		{FBF445A4-0C80-E8C8-FB91-70E715350514}.Release|Any CPU.ActiveCfg = Release|Any CPU
		{FBF445A4-0C80-E8C8-FB91-70E715350514}.Release|Any CPU.Build.0 = Release|Any CPU
		{CCA6C1E3-B5B1-F881-9F87-256961381994}.Debug|Any CPU.ActiveCfg = Debug|Any CPU
		{CCA6C1E3-B5B1-F881-9F87-256961381994}.Debug|Any CPU.Build.0 = Debug|Any CPU
		{CCA6C1E3-B5B1-F881-9F87-256961381994}.Release|Any CPU.ActiveCfg = Release|Any CPU
		{CCA6C1E3-B5B1-F881-9F87-256961381994}.Release|Any CPU.Build.0 = Release|Any CPU
		{CCB8DAF2-6445-65B0-22FA-B02007FA0223}.Debug|Any CPU.ActiveCfg = Debug|Any CPU
		{CCB8DAF2-6445-65B0-22FA-B02007FA0223}.Debug|Any CPU.Build.0 = Debug|Any CPU
		{CCB8DAF2-6445-65B0-22FA-B02007FA0223}.Release|Any CPU.ActiveCfg = Release|Any CPU
		{CCB8DAF2-6445-65B0-22FA-B02007FA0223}.Release|Any CPU.Build.0 = Release|Any CPU
	EndGlobalSection
	GlobalSection(SolutionProperties) = preSolution
		HideSolutionNode = FALSE
	EndGlobalSection
	GlobalSection(MonoDevelopProperties) = preSolution
		StartupItem = Assembly-CSharp.csproj
	EndGlobalSection
EndGlobal
