
Microsoft Visual Studio Solution File, Format Version 11.00
# Visual Studio 2010
Project("{FAE04EC0-301F-11D3-BF4B-00C04F79EFBC}") = "MindControlledCarv5", "Assembly-CSharp.csproj", "{63535194-56A7-98BF-AC77-72AB18E16632}"
EndProject
Project("{FAE04EC0-301F-11D3-BF4B-00C04F79EFBC}") = "MindControlledCarv5", "Assembly-CSharp-firstpass.csproj", "{42D007DA-F6E3-B520-1C27-085C7AD0831F}"
EndProject
Project("{FAE04EC0-301F-11D3-BF4B-00C04F79EFBC}") = "MindControlledCarv5", "Assembly-CSharp-Editor-firstpass.csproj", "{D7608251-71EE-5E11-0F8B-9E58E2DCC9D4}"
EndProject
Global
	GlobalSection(SolutionConfigurationPlatforms) = preSolution
		Debug|Any CPU = Debug|Any CPU
		Release|Any CPU = Release|Any CPU
	EndGlobalSection
	GlobalSection(ProjectConfigurationPlatforms) = postSolution
		{63535194-56A7-98BF-AC77-72AB18E16632}.Debug|Any CPU.ActiveCfg = Debug|Any CPU
		{63535194-56A7-98BF-AC77-72AB18E16632}.Debug|Any CPU.Build.0 = Debug|Any CPU
		{63535194-56A7-98BF-AC77-72AB18E16632}.Release|Any CPU.ActiveCfg = Release|Any CPU
		{63535194-56A7-98BF-AC77-72AB18E16632}.Release|Any CPU.Build.0 = Release|Any CPU
		{42D007DA-F6E3-B520-1C27-085C7AD0831F}.Debug|Any CPU.ActiveCfg = Debug|Any CPU
		{42D007DA-F6E3-B520-1C27-085C7AD0831F}.Debug|Any CPU.Build.0 = Debug|Any CPU
		{42D007DA-F6E3-B520-1C27-085C7AD0831F}.Release|Any CPU.ActiveCfg = Release|Any CPU
		{42D007DA-F6E3-B520-1C27-085C7AD0831F}.Release|Any CPU.Build.0 = Release|Any CPU
		{D7608251-71EE-5E11-0F8B-9E58E2DCC9D4}.Debug|Any CPU.ActiveCfg = Debug|Any CPU
		{D7608251-71EE-5E11-0F8B-9E58E2DCC9D4}.Debug|Any CPU.Build.0 = Debug|Any CPU
		{D7608251-71EE-5E11-0F8B-9E58E2DCC9D4}.Release|Any CPU.ActiveCfg = Release|Any CPU
		{D7608251-71EE-5E11-0F8B-9E58E2DCC9D4}.Release|Any CPU.Build.0 = Release|Any CPU
	EndGlobalSection
	GlobalSection(SolutionProperties) = preSolution
		HideSolutionNode = FALSE
	EndGlobalSection
	GlobalSection(MonoDevelopProperties) = preSolution
		StartupItem = Assembly-CSharp.csproj
	EndGlobalSection
EndGlobal
